
Microsoft Visual Studio Solution File, Format Version 11.00
# Visual Studio 2010
Project("{FAE04EC0-301F-11D3-BF4B-00C04F79EFBC}") = "UnityEngine.TestRunner", "UnityEngine.TestRunner.csproj", "{FA395CBF-F58A-2A59-BDF8-3B50A25E2003}"
EndProject
Project("{FAE04EC0-301F-11D3-BF4B-00C04F79EFBC}") = "Unity.Timeline", "Unity.Timeline.csproj", "{AFF29B90-C955-E8EA-2CBD-E877BA65B291}"
EndProject
Project("{FAE04EC0-301F-11D3-BF4B-00C04F79EFBC}") = "UnityEngine.UI", "UnityEngine.UI.csproj", "{7462D899-ADE1-82DA-916A-53C61A1069F1}"
EndProject
Project("{FAE04EC0-301F-11D3-BF4B-00C04F79EFBC}") = "Unity.TextMeshPro", "Unity.TextMeshPro.csproj", "{318AE6AC-0D2B-85F6-95FF-65CEF225F775}"
EndProject
Project("{FAE04EC0-301F-11D3-BF4B-00C04F79EFBC}") = "Assembly-CSharp", "Assembly-CSharp.csproj", "{A3A72707-2881-2D75-DE02-3E7135343F76}"
EndProject
Project("{FAE04EC0-301F-11D3-BF4B-00C04F79EFBC}") = "ProceduralToolkit.Samples", "ProceduralToolkit.Samples.csproj", "{672756E0-504C-3DF0-A472-7560C81F7902}"
EndProject
Project("{FAE04EC0-301F-11D3-BF4B-00C04F79EFBC}") = "ProceduralToolkit", "ProceduralToolkit.csproj", "{299964EB-9ADE-5FF3-EE9D-83186F4492C6}"
EndProject
Project("{FAE04EC0-301F-11D3-BF4B-00C04F79EFBC}") = "ProceduralToolkit.LibTessDotNet", "ProceduralToolkit.LibTessDotNet.csproj", "{A1DFBEE1-8C18-966D-D32B-E489D240449E}"
EndProject
Project("{FAE04EC0-301F-11D3-BF4B-00C04F79EFBC}") = "ProceduralToolkit.FastNoiseLib", "ProceduralToolkit.FastNoiseLib.csproj", "{02BB169D-B402-CDDB-912D-8389BE1BE27E}"
EndProject
Project("{FAE04EC0-301F-11D3-BF4B-00C04F79EFBC}") = "ProceduralToolkit.ClipperLib", "ProceduralToolkit.ClipperLib.csproj", "{FCEF6FCE-288F-FBBC-60DC-5D5C845341C7}"
EndProject
Project("{FAE04EC0-301F-11D3-BF4B-00C04F79EFBC}") = "UnityEditor.TestRunner", "UnityEditor.TestRunner.csproj", "{BDD400D8-A061-9FAC-0B41-6E24F121F7DF}"
EndProject
Project("{FAE04EC0-301F-11D3-BF4B-00C04F79EFBC}") = "Unity.PlasticSCM.Editor", "Unity.PlasticSCM.Editor.csproj", "{BA4F5850-AD2A-8F0B-0FD5-707AA47353F5}"
EndProject
Project("{FAE04EC0-301F-11D3-BF4B-00C04F79EFBC}") = "UnityEditor.UI", "UnityEditor.UI.csproj", "{C1E88DDC-D874-DC6A-8A93-159906999F58}"
EndProject
Project("{FAE04EC0-301F-11D3-BF4B-00C04F79EFBC}") = "Unity.Timeline.Editor", "Unity.Timeline.Editor.csproj", "{5774FB3D-CF37-06F7-10D2-C4095AF15D53}"
EndProject
Project("{FAE04EC0-301F-11D3-BF4B-00C04F79EFBC}") = "Unity.VisualStudio.Editor", "Unity.VisualStudio.Editor.csproj", "{C74BCA44-8C17-7B57-4E3E-2B0DD013253D}"
EndProject
Project("{FAE04EC0-301F-11D3-BF4B-00C04F79EFBC}") = "Unity.TextMeshPro.Editor", "Unity.TextMeshPro.Editor.csproj", "{E4A67635-8CFC-49E1-8F69-AC432C8A5622}"
EndProject
Project("{FAE04EC0-301F-11D3-BF4B-00C04F79EFBC}") = "Unity.CollabProxy.Editor", "Unity.CollabProxy.Editor.csproj", "{C6343042-8613-3ABB-3373-071ADB04DE4D}"
EndProject
Project("{FAE04EC0-301F-11D3-BF4B-00C04F79EFBC}") = "Unity.Rider.Editor", "Unity.Rider.Editor.csproj", "{C88D7DED-C5CA-A72F-CD9D-ABB456573A42}"
EndProject
Project("{FAE04EC0-301F-11D3-BF4B-00C04F79EFBC}") = "Unity.VSCode.Editor", "Unity.VSCode.Editor.csproj", "{7D3FDC3F-A34C-3B18-75D7-2E2C389CC5B9}"
EndProject
Project("{FAE04EC0-301F-11D3-BF4B-00C04F79EFBC}") = "ProceduralToolkit.Editor", "ProceduralToolkit.Editor.csproj", "{7EF0825D-1819-2767-3E5F-741C08D7742E}"
EndProject
Project("{FAE04EC0-301F-11D3-BF4B-00C04F79EFBC}") = "ProceduralToolkit.Samples.Chairs.Editor", "ProceduralToolkit.Samples.Chairs.Editor.csproj", "{02729F4D-D602-AC15-D155-292391381B1C}"
EndProject
Project("{FAE04EC0-301F-11D3-BF4B-00C04F79EFBC}") = "ProceduralToolkit.Samples.Buildings.Editor", "ProceduralToolkit.Samples.Buildings.Editor.csproj", "{591CAD24-EB75-724B-1B4C-509F8D02BD37}"
EndProject
Project("{FAE04EC0-301F-11D3-BF4B-00C04F79EFBC}") = "ProceduralToolkit.Samples.LowPolyTerrain.Editor", "ProceduralToolkit.Samples.LowPolyTerrain.Editor.csproj", "{C80E8EFB-6924-3BF9-1145-093202C97966}"
EndProject
Global
	GlobalSection(SolutionConfigurationPlatforms) = preSolution
		Debug|Any CPU = Debug|Any CPU
		Release|Any CPU = Release|Any CPU
	EndGlobalSection
	GlobalSection(ProjectConfigurationPlatforms) = postSolution
		{FA395CBF-F58A-2A59-BDF8-3B50A25E2003}.Debug|Any CPU.ActiveCfg = Debug|Any CPU
		{FA395CBF-F58A-2A59-BDF8-3B50A25E2003}.Debug|Any CPU.Build.0 = Debug|Any CPU
		{FA395CBF-F58A-2A59-BDF8-3B50A25E2003}.Release|Any CPU.ActiveCfg = Release|Any CPU
		{FA395CBF-F58A-2A59-BDF8-3B50A25E2003}.Release|Any CPU.Build.0 = Release|Any CPU
		{AFF29B90-C955-E8EA-2CBD-E877BA65B291}.Debug|Any CPU.ActiveCfg = Debug|Any CPU
		{AFF29B90-C955-E8EA-2CBD-E877BA65B291}.Debug|Any CPU.Build.0 = Debug|Any CPU
		{AFF29B90-C955-E8EA-2CBD-E877BA65B291}.Release|Any CPU.ActiveCfg = Release|Any CPU
		{AFF29B90-C955-E8EA-2CBD-E877BA65B291}.Release|Any CPU.Build.0 = Release|Any CPU
		{7462D899-ADE1-82DA-916A-53C61A1069F1}.Debug|Any CPU.ActiveCfg = Debug|Any CPU
		{7462D899-ADE1-82DA-916A-53C61A1069F1}.Debug|Any CPU.Build.0 = Debug|Any CPU
		{7462D899-ADE1-82DA-916A-53C61A1069F1}.Release|Any CPU.ActiveCfg = Release|Any CPU
		{7462D899-ADE1-82DA-916A-53C61A1069F1}.Release|Any CPU.Build.0 = Release|Any CPU
		{318AE6AC-0D2B-85F6-95FF-65CEF225F775}.Debug|Any CPU.ActiveCfg = Debug|Any CPU
		{318AE6AC-0D2B-85F6-95FF-65CEF225F775}.Debug|Any CPU.Build.0 = Debug|Any CPU
		{318AE6AC-0D2B-85F6-95FF-65CEF225F775}.Release|Any CPU.ActiveCfg = Release|Any CPU
		{318AE6AC-0D2B-85F6-95FF-65CEF225F775}.Release|Any CPU.Build.0 = Release|Any CPU
		{A3A72707-2881-2D75-DE02-3E7135343F76}.Debug|Any CPU.ActiveCfg = Debug|Any CPU
		{A3A72707-2881-2D75-DE02-3E7135343F76}.Debug|Any CPU.Build.0 = Debug|Any CPU
		{A3A72707-2881-2D75-DE02-3E7135343F76}.Release|Any CPU.ActiveCfg = Release|Any CPU
		{A3A72707-2881-2D75-DE02-3E7135343F76}.Release|Any CPU.Build.0 = Release|Any CPU
		{672756E0-504C-3DF0-A472-7560C81F7902}.Debug|Any CPU.ActiveCfg = Debug|Any CPU
		{672756E0-504C-3DF0-A472-7560C81F7902}.Debug|Any CPU.Build.0 = Debug|Any CPU
		{672756E0-504C-3DF0-A472-7560C81F7902}.Release|Any CPU.ActiveCfg = Release|Any CPU
		{672756E0-504C-3DF0-A472-7560C81F7902}.Release|Any CPU.Build.0 = Release|Any CPU
		{299964EB-9ADE-5FF3-EE9D-83186F4492C6}.Debug|Any CPU.ActiveCfg = Debug|Any CPU
		{299964EB-9ADE-5FF3-EE9D-83186F4492C6}.Debug|Any CPU.Build.0 = Debug|Any CPU
		{299964EB-9ADE-5FF3-EE9D-83186F4492C6}.Release|Any CPU.ActiveCfg = Release|Any CPU
		{299964EB-9ADE-5FF3-EE9D-83186F4492C6}.Release|Any CPU.Build.0 = Release|Any CPU
		{A1DFBEE1-8C18-966D-D32B-E489D240449E}.Debug|Any CPU.ActiveCfg = Debug|Any CPU
		{A1DFBEE1-8C18-966D-D32B-E489D240449E}.Debug|Any CPU.Build.0 = Debug|Any CPU
		{A1DFBEE1-8C18-966D-D32B-E489D240449E}.Release|Any CPU.ActiveCfg = Release|Any CPU
		{A1DFBEE1-8C18-966D-D32B-E489D240449E}.Release|Any CPU.Build.0 = Release|Any CPU
		{02BB169D-B402-CDDB-912D-8389BE1BE27E}.Debug|Any CPU.ActiveCfg = Debug|Any CPU
		{02BB169D-B402-CDDB-912D-8389BE1BE27E}.Debug|Any CPU.Build.0 = Debug|Any CPU
		{02BB169D-B402-CDDB-912D-8389BE1BE27E}.Release|Any CPU.ActiveCfg = Release|Any CPU
		{02BB169D-B402-CDDB-912D-8389BE1BE27E}.Release|Any CPU.Build.0 = Release|Any CPU
		{FCEF6FCE-288F-FBBC-60DC-5D5C845341C7}.Debug|Any CPU.ActiveCfg = Debug|Any CPU
		{FCEF6FCE-288F-FBBC-60DC-5D5C845341C7}.Debug|Any CPU.Build.0 = Debug|Any CPU
		{FCEF6FCE-288F-FBBC-60DC-5D5C845341C7}.Release|Any CPU.ActiveCfg = Release|Any CPU
		{FCEF6FCE-288F-FBBC-60DC-5D5C845341C7}.Release|Any CPU.Build.0 = Release|Any CPU
		{BDD400D8-A061-9FAC-0B41-6E24F121F7DF}.Debug|Any CPU.ActiveCfg = Debug|Any CPU
		{BDD400D8-A061-9FAC-0B41-6E24F121F7DF}.Debug|Any CPU.Build.0 = Debug|Any CPU
		{BDD400D8-A061-9FAC-0B41-6E24F121F7DF}.Release|Any CPU.ActiveCfg = Release|Any CPU
		{BDD400D8-A061-9FAC-0B41-6E24F121F7DF}.Release|Any CPU.Build.0 = Release|Any CPU
		{BA4F5850-AD2A-8F0B-0FD5-707AA47353F5}.Debug|Any CPU.ActiveCfg = Debug|Any CPU
		{BA4F5850-AD2A-8F0B-0FD5-707AA47353F5}.Debug|Any CPU.Build.0 = Debug|Any CPU
		{BA4F5850-AD2A-8F0B-0FD5-707AA47353F5}.Release|Any CPU.ActiveCfg = Release|Any CPU
		{BA4F5850-AD2A-8F0B-0FD5-707AA47353F5}.Release|Any CPU.Build.0 = Release|Any CPU
		{C1E88DDC-D874-DC6A-8A93-159906999F58}.Debug|Any CPU.ActiveCfg = Debug|Any CPU
		{C1E88DDC-D874-DC6A-8A93-159906999F58}.Debug|Any CPU.Build.0 = Debug|Any CPU
		{C1E88DDC-D874-DC6A-8A93-159906999F58}.Release|Any CPU.ActiveCfg = Release|Any CPU
		{C1E88DDC-D874-DC6A-8A93-159906999F58}.Release|Any CPU.Build.0 = Release|Any CPU
		{5774FB3D-CF37-06F7-10D2-C4095AF15D53}.Debug|Any CPU.ActiveCfg = Debug|Any CPU
		{5774FB3D-CF37-06F7-10D2-C4095AF15D53}.Debug|Any CPU.Build.0 = Debug|Any CPU
		{5774FB3D-CF37-06F7-10D2-C4095AF15D53}.Release|Any CPU.ActiveCfg = Release|Any CPU
		{5774FB3D-CF37-06F7-10D2-C4095AF15D53}.Release|Any CPU.Build.0 = Release|Any CPU
		{C74BCA44-8C17-7B57-4E3E-2B0DD013253D}.Debug|Any CPU.ActiveCfg = Debug|Any CPU
		{C74BCA44-8C17-7B57-4E3E-2B0DD013253D}.Debug|Any CPU.Build.0 = Debug|Any CPU
		{C74BCA44-8C17-7B57-4E3E-2B0DD013253D}.Release|Any CPU.ActiveCfg = Release|Any CPU
		{C74BCA44-8C17-7B57-4E3E-2B0DD013253D}.Release|Any CPU.Build.0 = Release|Any CPU
		{E4A67635-8CFC-49E1-8F69-AC432C8A5622}.Debug|Any CPU.ActiveCfg = Debug|Any CPU
		{E4A67635-8CFC-49E1-8F69-AC432C8A5622}.Debug|Any CPU.Build.0 = Debug|Any CPU
		{E4A67635-8CFC-49E1-8F69-AC432C8A5622}.Release|Any CPU.ActiveCfg = Release|Any CPU
		{E4A67635-8CFC-49E1-8F69-AC432C8A5622}.Release|Any CPU.Build.0 = Release|Any CPU
		{C6343042-8613-3ABB-3373-071ADB04DE4D}.Debug|Any CPU.ActiveCfg = Debug|Any CPU
		{C6343042-8613-3ABB-3373-071ADB04DE4D}.Debug|Any CPU.Build.0 = Debug|Any CPU
		{C6343042-8613-3ABB-3373-071ADB04DE4D}.Release|Any CPU.ActiveCfg = Release|Any CPU
		{C6343042-8613-3ABB-3373-071ADB04DE4D}.Release|Any CPU.Build.0 = Release|Any CPU
		{C88D7DED-C5CA-A72F-CD9D-ABB456573A42}.Debug|Any CPU.ActiveCfg = Debug|Any CPU
		{C88D7DED-C5CA-A72F-CD9D-ABB456573A42}.Debug|Any CPU.Build.0 = Debug|Any CPU
		{C88D7DED-C5CA-A72F-CD9D-ABB456573A42}.Release|Any CPU.ActiveCfg = Release|Any CPU
		{C88D7DED-C5CA-A72F-CD9D-ABB456573A42}.Release|Any CPU.Build.0 = Release|Any CPU
		{7D3FDC3F-A34C-3B18-75D7-2E2C389CC5B9}.Debug|Any CPU.ActiveCfg = Debug|Any CPU
		{7D3FDC3F-A34C-3B18-75D7-2E2C389CC5B9}.Debug|Any CPU.Build.0 = Debug|Any CPU
		{7D3FDC3F-A34C-3B18-75D7-2E2C389CC5B9}.Release|Any CPU.ActiveCfg = Release|Any CPU
		{7D3FDC3F-A34C-3B18-75D7-2E2C389CC5B9}.Release|Any CPU.Build.0 = Release|Any CPU
		{7EF0825D-1819-2767-3E5F-741C08D7742E}.Debug|Any CPU.ActiveCfg = Debug|Any CPU
		{7EF0825D-1819-2767-3E5F-741C08D7742E}.Debug|Any CPU.Build.0 = Debug|Any CPU
		{7EF0825D-1819-2767-3E5F-741C08D7742E}.Release|Any CPU.ActiveCfg = Release|Any CPU
		{7EF0825D-1819-2767-3E5F-741C08D7742E}.Release|Any CPU.Build.0 = Release|Any CPU
		{02729F4D-D602-AC15-D155-292391381B1C}.Debug|Any CPU.ActiveCfg = Debug|Any CPU
		{02729F4D-D602-AC15-D155-292391381B1C}.Debug|Any CPU.Build.0 = Debug|Any CPU
		{02729F4D-D602-AC15-D155-292391381B1C}.Release|Any CPU.ActiveCfg = Release|Any CPU
		{02729F4D-D602-AC15-D155-292391381B1C}.Release|Any CPU.Build.0 = Release|Any CPU
		{591CAD24-EB75-724B-1B4C-509F8D02BD37}.Debug|Any CPU.ActiveCfg = Debug|Any CPU
		{591CAD24-EB75-724B-1B4C-509F8D02BD37}.Debug|Any CPU.Build.0 = Debug|Any CPU
		{591CAD24-EB75-724B-1B4C-509F8D02BD37}.Release|Any CPU.ActiveCfg = Release|Any CPU
		{591CAD24-EB75-724B-1B4C-509F8D02BD37}.Release|Any CPU.Build.0 = Release|Any CPU
		{C80E8EFB-6924-3BF9-1145-093202C97966}.Debug|Any CPU.ActiveCfg = Debug|Any CPU
		{C80E8EFB-6924-3BF9-1145-093202C97966}.Debug|Any CPU.Build.0 = Debug|Any CPU
		{C80E8EFB-6924-3BF9-1145-093202C97966}.Release|Any CPU.ActiveCfg = Release|Any CPU
		{C80E8EFB-6924-3BF9-1145-093202C97966}.Release|Any CPU.Build.0 = Release|Any CPU
	EndGlobalSection
	GlobalSection(SolutionProperties) = preSolution
		HideSolutionNode = FALSE
	EndGlobalSection
EndGlobal
