
Microsoft Visual Studio Solution File, Format Version 11.00
# Visual Studio 2010
Project("{FAE04EC0-301F-11D3-BF4B-00C04F79EFBC}") = "UnityEngine.TestRunner", "UnityEngine.TestRunner.csproj", "{bf5c39fa-8af5-592a-bdf8-3b50a25e2003}"
EndProject
Project("{FAE04EC0-301F-11D3-BF4B-00C04F79EFBC}") = "Unity.Timeline", "Unity.Timeline.csproj", "{909bf2af-55c9-eae8-2cbd-e877ba65b291}"
EndProject
Project("{FAE04EC0-301F-11D3-BF4B-00C04F79EFBC}") = "UnityEngine.UI", "UnityEngine.UI.csproj", "{99d86274-e1ad-da82-916a-53c61a1069f1}"
EndProject
Project("{FAE04EC0-301F-11D3-BF4B-00C04F79EFBC}") = "Unity.TextMeshPro", "Unity.TextMeshPro.csproj", "{ace68a31-2b0d-f685-95ff-65cef225f775}"
EndProject
Project("{FAE04EC0-301F-11D3-BF4B-00C04F79EFBC}") = "Unity.TerrainTools", "Unity.TerrainTools.csproj", "{fb3a623b-2b4b-07e4-074d-4ed98982a073}"
EndProject
Project("{FAE04EC0-301F-11D3-BF4B-00C04F79EFBC}") = "Assembly-CSharp", "Assembly-CSharp.csproj", "{0727a7a3-8128-752d-de02-3e7135343f76}"
EndProject
Project("{FAE04EC0-301F-11D3-BF4B-00C04F79EFBC}") = "UnityEditor.TestRunner", "UnityEditor.TestRunner.csproj", "{d800d4bd-61a0-ac9f-0b41-6e24f121f7df}"
EndProject
Project("{FAE04EC0-301F-11D3-BF4B-00C04F79EFBC}") = "Unity.PlasticSCM.Editor", "Unity.PlasticSCM.Editor.csproj", "{50584fba-2aad-0b8f-0fd5-707aa47353f5}"
EndProject
Project("{FAE04EC0-301F-11D3-BF4B-00C04F79EFBC}") = "Unity.TerrainTools.Editor", "Unity.TerrainTools.Editor.csproj", "{6e7f90e1-18f9-2682-3473-2741da99ba58}"
EndProject
Project("{FAE04EC0-301F-11D3-BF4B-00C04F79EFBC}") = "UnityEditor.UI", "UnityEditor.UI.csproj", "{dc8de8c1-74d8-6adc-8a93-159906999f58}"
EndProject
Project("{FAE04EC0-301F-11D3-BF4B-00C04F79EFBC}") = "Unity.Timeline.Editor", "Unity.Timeline.Editor.csproj", "{3dfb7457-37cf-f706-10d2-c4095af15d53}"
EndProject
Project("{FAE04EC0-301F-11D3-BF4B-00C04F79EFBC}") = "Unity.VisualStudio.Editor", "Unity.VisualStudio.Editor.csproj", "{44ca4bc7-178c-577b-4e3e-2b0dd013253d}"
EndProject
Project("{FAE04EC0-301F-11D3-BF4B-00C04F79EFBC}") = "Unity.TextMeshPro.Editor", "Unity.TextMeshPro.Editor.csproj", "{3576a6e4-fc8c-e149-8f69-ac432c8a5622}"
EndProject
Project("{FAE04EC0-301F-11D3-BF4B-00C04F79EFBC}") = "Unity.CollabProxy.Editor", "Unity.CollabProxy.Editor.csproj", "{423034c6-1386-bb3a-3373-071adb04de4d}"
EndProject
Project("{FAE04EC0-301F-11D3-BF4B-00C04F79EFBC}") = "Unity.Rider.Editor", "Unity.Rider.Editor.csproj", "{ed7d8dc8-cac5-2fa7-cd9d-abb456573a42}"
EndProject
Project("{FAE04EC0-301F-11D3-BF4B-00C04F79EFBC}") = "Unity.VSCode.Editor", "Unity.VSCode.Editor.csproj", "{3fdc3f7d-4ca3-183b-75d7-2e2c389cc5b9}"
EndProject
Project("{FAE04EC0-301F-11D3-BF4B-00C04F79EFBC}") = "Assembly-CSharp-Editor", "Assembly-CSharp-Editor.csproj", "{d8d1ac31-7473-9d0b-7ef1-ae7300473ea9}"
EndProject
Global
	GlobalSection(SolutionConfigurationPlatforms) = preSolution
		Debug|Any CPU = Debug|Any CPU
	EndGlobalSection
	GlobalSection(ProjectConfigurationPlatforms) = postSolution
		{bf5c39fa-8af5-592a-bdf8-3b50a25e2003}.Debug|Any CPU.ActiveCfg = Debug|Any CPU
		{bf5c39fa-8af5-592a-bdf8-3b50a25e2003}.Debug|Any CPU.Build.0 = Debug|Any CPU
		{909bf2af-55c9-eae8-2cbd-e877ba65b291}.Debug|Any CPU.ActiveCfg = Debug|Any CPU
		{909bf2af-55c9-eae8-2cbd-e877ba65b291}.Debug|Any CPU.Build.0 = Debug|Any CPU
		{99d86274-e1ad-da82-916a-53c61a1069f1}.Debug|Any CPU.ActiveCfg = Debug|Any CPU
		{99d86274-e1ad-da82-916a-53c61a1069f1}.Debug|Any CPU.Build.0 = Debug|Any CPU
		{ace68a31-2b0d-f685-95ff-65cef225f775}.Debug|Any CPU.ActiveCfg = Debug|Any CPU
		{ace68a31-2b0d-f685-95ff-65cef225f775}.Debug|Any CPU.Build.0 = Debug|Any CPU
		{fb3a623b-2b4b-07e4-074d-4ed98982a073}.Debug|Any CPU.ActiveCfg = Debug|Any CPU
		{fb3a623b-2b4b-07e4-074d-4ed98982a073}.Debug|Any CPU.Build.0 = Debug|Any CPU
		{0727a7a3-8128-752d-de02-3e7135343f76}.Debug|Any CPU.ActiveCfg = Debug|Any CPU
		{0727a7a3-8128-752d-de02-3e7135343f76}.Debug|Any CPU.Build.0 = Debug|Any CPU
		{d800d4bd-61a0-ac9f-0b41-6e24f121f7df}.Debug|Any CPU.ActiveCfg = Debug|Any CPU
		{d800d4bd-61a0-ac9f-0b41-6e24f121f7df}.Debug|Any CPU.Build.0 = Debug|Any CPU
		{50584fba-2aad-0b8f-0fd5-707aa47353f5}.Debug|Any CPU.ActiveCfg = Debug|Any CPU
		{50584fba-2aad-0b8f-0fd5-707aa47353f5}.Debug|Any CPU.Build.0 = Debug|Any CPU
		{6e7f90e1-18f9-2682-3473-2741da99ba58}.Debug|Any CPU.ActiveCfg = Debug|Any CPU
		{6e7f90e1-18f9-2682-3473-2741da99ba58}.Debug|Any CPU.Build.0 = Debug|Any CPU
		{dc8de8c1-74d8-6adc-8a93-159906999f58}.Debug|Any CPU.ActiveCfg = Debug|Any CPU
		{dc8de8c1-74d8-6adc-8a93-159906999f58}.Debug|Any CPU.Build.0 = Debug|Any CPU
		{3dfb7457-37cf-f706-10d2-c4095af15d53}.Debug|Any CPU.ActiveCfg = Debug|Any CPU
		{3dfb7457-37cf-f706-10d2-c4095af15d53}.Debug|Any CPU.Build.0 = Debug|Any CPU
		{44ca4bc7-178c-577b-4e3e-2b0dd013253d}.Debug|Any CPU.ActiveCfg = Debug|Any CPU
		{44ca4bc7-178c-577b-4e3e-2b0dd013253d}.Debug|Any CPU.Build.0 = Debug|Any CPU
		{3576a6e4-fc8c-e149-8f69-ac432c8a5622}.Debug|Any CPU.ActiveCfg = Debug|Any CPU
		{3576a6e4-fc8c-e149-8f69-ac432c8a5622}.Debug|Any CPU.Build.0 = Debug|Any CPU
		{423034c6-1386-bb3a-3373-071adb04de4d}.Debug|Any CPU.ActiveCfg = Debug|Any CPU
		{423034c6-1386-bb3a-3373-071adb04de4d}.Debug|Any CPU.Build.0 = Debug|Any CPU
		{ed7d8dc8-cac5-2fa7-cd9d-abb456573a42}.Debug|Any CPU.ActiveCfg = Debug|Any CPU
		{ed7d8dc8-cac5-2fa7-cd9d-abb456573a42}.Debug|Any CPU.Build.0 = Debug|Any CPU
		{3fdc3f7d-4ca3-183b-75d7-2e2c389cc5b9}.Debug|Any CPU.ActiveCfg = Debug|Any CPU
		{3fdc3f7d-4ca3-183b-75d7-2e2c389cc5b9}.Debug|Any CPU.Build.0 = Debug|Any CPU
		{d8d1ac31-7473-9d0b-7ef1-ae7300473ea9}.Debug|Any CPU.ActiveCfg = Debug|Any CPU
		{d8d1ac31-7473-9d0b-7ef1-ae7300473ea9}.Debug|Any CPU.Build.0 = Debug|Any CPU
	EndGlobalSection
	GlobalSection(SolutionProperties) = preSolution
		HideSolutionNode = FALSE
	EndGlobalSection
EndGlobal
